
Microsoft Visual Studio Solution File, Format Version 12.00
# Visual Studio Version 17
VisualStudioVersion = 17.7.34031.279
MinimumVisualStudioVersion = 10.0.40219.1
Project("{FAE04EC0-301F-11D3-BF4B-00C04F79EFBC}") = "cresticinolikii", "cresticinolikii\cresticinolikii.csproj", "{51DCFD8C-EBC9-4A96-B515-728C653E1066}"
EndProject
Global
	GlobalSection(SolutionConfigurationPlatforms) = preSolution
		Debug|Any CPU = Debug|Any CPU
		Release|Any CPU = Release|Any CPU
	EndGlobalSection
	GlobalSection(ProjectConfigurationPlatforms) = postSolution
		{51DCFD8C-EBC9-4A96-B515-728C653E1066}.Debug|Any CPU.ActiveCfg = Debug|Any CPU
		{51DCFD8C-EBC9-4A96-B515-728C653E1066}.Debug|Any CPU.Build.0 = Debug|Any CPU
		{51DCFD8C-EBC9-4A96-B515-728C653E1066}.Release|Any CPU.ActiveCfg = Release|Any CPU
		{51DCFD8C-EBC9-4A96-B515-728C653E1066}.Release|Any CPU.Build.0 = Release|Any CPU
	EndGlobalSection
	GlobalSection(SolutionProperties) = preSolution
		HideSolutionNode = FALSE
	EndGlobalSection
	GlobalSection(ExtensibilityGlobals) = postSolution
		SolutionGuid = {679AD807-B6AB-4F68-8B00-F7B360F325F1}
	EndGlobalSection
EndGlobal
